github.com/BurntSushi/toml v0.3.1 h1:WXkYYl6Yr3qBf1K79EBnL4mak0OimBfB0XUf9Vl28OQ=
github.com/BurntSushi/toml v0.3.1/go.mod h1:xHWCNGjB5oqiDr8zfno3MHue2Ht5sIBksp03qcyfWMU=
github.com/Joker/hpp v0.0.0-20180418125244-6893e659854a/go.mod h1:MzD2WMdSxvbHw5fM/OXOFily/lipJWRc9C1px0Mt0ZE=
github.com/Joker/jade v1.0.0/go.mod h1:efZIdO0py/LtcJRSa/j2WEklMSAw84WV0zZVMxNToB8=
github.com/Unknwon/com v0.0.0-20181010210213-41959bdd855f h1:m1tYqjD/N0vF/S8s/ZKz/eccUr8RAAcrOK2MhXeTegA=
github.com/Unknwon/com v0.0.0-20181010210213-41959bdd855f/go.mod h1:KYCjqMOeHpNuTOiFQU6WEcTG7poCJrUs0YgyHNtn1no=
github.com/ajg/form v0.0.0-20160822230020-523a5da1a92f/go.mod h1:uL1WgH+h2mgNtvBq0339dVnzXdBETtL2LeUXaIv25UY=
github.com/ant0ine/go-json-rest v3.3.2+incompatible h1:nBixrkLFiDNAW0hauKDLc8yJI6XfrQumWvytE1Hk14E=
github.com/ant0ine/go-json-rest v3.3.2+incompatible/go.mod h1:q6aCt0GfU6LhpBsnZ/2U+mwe+0XB5WStbmwyoPfc+sk=
github.com/apex/log v1.0.0 h1:5UWeZC54mWVtOGSCjtuvDPgY/o0QxmjQgvYZ27pLVGQ=
github.com/apex/log v1.0.0/go.mod h1:yA770aXIDQrhVOIGurT/pVdfCpSq1GQV/auzMN5fzvY=
github.com/asaskevich/govalidator v0.0.0-20180720115003-f9ffefc3facf h1:eg0MeVzsP1G42dRafH3vf+al2vQIJU0YHX+1Tw87oco=
github.com/asaskevich/govalidator v0.0.0-20180720115003-f9ffefc3facf/go.mod h1:lB+ZfQJz7igIIfQNfa7Ml4HSf2uFQQRzpGGRXenZAgY=
github.com/astaxie/beego v1.10.1 h1:M2ciUnyiZycuTpGEA+idJF0gX24h58EbPvGqjnO/DCg=
github.com/astaxie/beego v1.10.1/go.mod h1:0R4++1tUqERR0WYFWdfkcrsyoVBCG4DgpDGokT3yb+U=
github.com/aymerick/raymond v2.0.2+incompatible/go.mod h1:osfaiScAUVup+UC9Nfq76eWqDhXlp+4UYaA8uhTBO6g=
github.com/beorn7/perks v0.0.0-20180321164747-3a771d992973/go.mod h1:Dwedo/Wpr24TaqPxmxbtue+5NUziq4I4S80YR8gNf3Q=
github.com/bifurcation/mint v0.0.0-20180715133206-93c51c6ce115/go.mod h1:zVt7zX3K/aDCk9Tj+VM7YymsX66ERvzCJzw8rFCX2JU=
github.com/bmizerany/pat v0.0.0-20170815010413-6226ea591a40 h1:y4B3+GPxKlrigF1ha5FFErxK+sr6sWxQovRMzwMhejo=
github.com/bmizerany/pat v0.0.0-20170815010413-6226ea591a40/go.mod h1:8rLXio+WjiTceGBHIoTvn60HIbs7Hm7bcHjyrSqYB9c=
github.com/bnkamalesh/webgo v2.2.3+incompatible h1:DLlo4qBpCE2d0CW9kxRYi5g4YmP1rlFBi8hLI+eJ+o4=
github.com/bnkamalesh/webgo v2.2.3+incompatible/go.mod h1:oA+QPyttd9wczudx6wpYI+ym1VcBiFToOHuYXL6AmNg=
github.com/buaazp/fasthttprouter v0.1.1 h1:4oAnN0C3xZjylvZJdP35cxfclyn4TYkW6Y+DSvS+h8Q=
github.com/buaazp/fasthttprouter v0.1.1/go.mod h1:h/Ap5oRVLeItGKTVBb+heQPks+HdIUtGmI4H5WCYijM=
github.com/celrenheit/htest v0.0.0-20170621160705-e34d50431e7f/go.mod h1:0zX1O1sXFhadsmZnArP5n6duBGwZRP0fI7SVUAyekkk=
github.com/cheekybits/genny v1.0.0/go.mod h1:+tQajlRqAUrPI7DOSpB0XAqZYtQakVtB7wXkRAgjxjQ=
github.com/claygod/Bxog v0.0.0-20180830074730-c9d20deaaed3 h1:MUtY7EexCK0JhTpzwthAIv0GDY7ZM30EaZp30DbaRSk=
github.com/claygod/Bxog v0.0.0-20180830074730-c9d20deaaed3/go.mod h1:GuK03YiV7WAMMshUm3QfWeSIJKB1HXMkNJxdK6O+m/c=
github.com/cloudfoundry/gosigar v1.1.0 h1:V/dVCzhKOdIU3WRB5inQU20s4yIgL9Dxx/Mhi0SF8eM=
github.com/cloudfoundry/gosigar v1.1.0/go.mod h1:3qLfc2GlfmwOx2+ZDaRGH3Y9fwQ0sQeaAleo2GV5pH0=
github.com/codegangsta/inject v0.0.0-20150114235600-33e0aa1cb7c0 h1:sDMmm+q/3+BukdIpxwO365v/Rbspp2Nt5XntgQRXq8Q=
github.com/codegangsta/inject v0.0.0-20150114235600-33e0aa1cb7c0/go.mod h1:4Zcjuz89kmFXt9morQgcfYZAYZ5n8WHjt81YYWIwtTM=
github.com/davecgh/go-spew v1.1.1/go.mod h1:J7Y8YcW2NihsgmVo/mv3lAwl/skON4iLHjSsI+c5H38=
github.com/dimfeld/httptreemux v5.0.1+incompatible h1:Qj3gVcDNoOthBAqftuD596rm4wg/adLLz5xh5CmpiCA=
github.com/dimfeld/httptreemux v5.0.1+incompatible/go.mod h1:rbUlSV+CCpv/SuqUTP/8Bk2O3LyUV436/yaRGkhP6Z0=
github.com/dinever/golf v0.3.0 h1:IfJWVKNo+ZUS5+IY+SvGBuIB3W5eDs84iMMGG56l9xg=
github.com/dinever/golf v0.3.0/go.mod h1:s2Uat88hzITpOsCJqribLtyLvAP+b4jyZxVNzXvsnY4=
github.com/eknkc/amber v0.0.0-20171010120322-cdade1c07385/go.mod h1:0vRUJqYpeSZifjYj7uP3BG/gKcuzL9xWVV/Y+cK33KM=
github.com/emicklei/go-restful v2.8.0+incompatible h1:wN8GCRDPGHguIynsnBartv5GUgGUg1LAU7+xnSn1j7Q=
github.com/emicklei/go-restful v2.8.0+incompatible/go.mod h1:otzb+WCGbkyDHkqmQmT5YD2WR4BBwUdeQoFo8l/7tVs=
github.com/fasthttp-contrib/websocket v0.0.0-20160511215533-1f3b11f56072/go.mod h1:duJ4Jxv5lDcvg4QuQr0oowTf7dz4/CR8NtyCooz9HL8=
github.com/fasthttp/router v0.2.0/go.mod h1:ENXeGFIg8mQS+sUPNQ/DboXat7SpQMKlDKMpKgE39pc=
github.com/fasthttp/router v0.3.1 h1:yloY0seJJYcpTllXb+nTS+Emou3XelZIdw3IAxMxMZA=
github.com/fasthttp/router v0.3.1/go.mod h1:C1OkehIG26rJvWVmXXPKPy6cuXe0r07rE0cBk6mUGrM=
github.com/fatih/color v1.7.0 h1:DkWD4oS2D8LGGgTQ6IvwJJXSL5Vp2ffcQg58nFV38Ys=
github.com/fatih/color v1.7.0/go.mod h1:Zm6kSWBoL9eyXnKyktHP6abPY2pDugNf5KwzbycvMj4=
github.com/fatih/structs v1.1.0/go.mod h1:9NiDSp5zOcgEDl+j00MP/WkGVPOlPRLejGD8Ga6PJ7M=
github.com/flosch/pongo2 v0.0.0-20180809100617-24195e6d38b0/go.mod h1:rE0ErqqBaMcp9pzj8JxV1GcfDBpuypXYxlR1c37AUwg=
github.com/fsnotify/fsnotify v1.4.7/go.mod h1:jwhsz4b93w/PPRr/qN1Yymfu8t87LnFCMoQvtojpjFo=
github.com/gavv/monotime v0.0.0-20171021193802-6f8212e8d10d/go.mod h1:vmp8DIyckQMXOPl0AQVHt+7n5h7Gb7hS6CUydiV8QeA=
github.com/gin-contrib/sse v0.0.0-20170109093832-22d885f9ecc7 h1:AzN37oI0cOS+cougNAV9szl6CVoj2RYwzS3DpUQNtlY=
github.com/gin-contrib/sse v0.0.0-20170109093832-22d885f9ecc7/go.mod h1:VJ0WA2NBN22VlZ2dKZQPAPnyWw5XTlK1KymzLKsr59s=
github.com/gin-gonic/gin v1.3.0 h1:kCmZyPklC0gVdL728E6Aj20uYBJV93nj/TkwBTKhFbs=
github.com/gin-gonic/gin v1.3.0/go.mod h1:7cKuhb5qV2ggCFctp2fJQ+ErvciLZrIeoOSOm6mUr7Y=
github.com/go-http-utils/cookie v1.3.1 h1:GCdTeqVV5vDcjP7LrgYpH8pbt3dOYKS+Wrs7Jo3/k/w=
github.com/go-http-utils/cookie v1.3.1/go.mod h1:ATl4rfG3bEemjiVa+8WIfgNcBUWdYBTasfXKjJ3Avt8=
github.com/go-http-utils/negotiator v1.0.0 h1:Qp1zofD6Nw7KXApXa3pAjehP06Js0ILguEBCnHhZeVA=
github.com/go-http-utils/negotiator v1.0.0/go.mod h1:mTQe1sH0XhdFkeDiWpCY3QSk7Apo5jwOlIwLWJbJe2c=
github.com/go-macaron/inject v0.0.0-20160627170012-d8a0b8677191 h1:NjHlg70DuOkcAMqgt0+XA+NHwtu66MkTVVgR4fFWbcI=
github.com/go-macaron/inject v0.0.0-20160627170012-d8a0b8677191/go.mod h1:VFI2o2q9kYsC4o7VP1HrEVosiZZTd+MVT3YZx4gqvJw=
github.com/go-martini/martini v0.0.0-20170121215854-22fa46961aab h1:xveKWz2iaueeTaUgdetzel+U7exyigDYBryyVfV/rZk=
github.com/go-martini/martini v0.0.0-20170121215854-22fa46961aab/go.mod h1:/P9AEU963A2AYjv4d1V5eVL1CQbEJq6aCNHDDjibzu8=
github.com/go-ozzo/ozzo-routing v2.1.4+incompatible h1:gQmNyAwMnBHr53Nma2gPTfVVc6i2BuAwCWPam2hIvKI=
github.com/go-ozzo/ozzo-routing v2.1.4+incompatible/go.mod h1:hvoxy5M9SJaY0viZvcCsODidtUm5CzRbYKEWuQpr+2A=
github.com/go-playground/form v3.1.3+incompatible h1:GY0v2KFh5AYLVffrkgCFcaN7hcFaX8VXMOAGQ+WtpZs=
github.com/go-playground/form v3.1.3+incompatible/go.mod h1:lhcKXfTuhRtIZCIKUeJ0b5F207aeQCPbZU09ScKjwWg=
github.com/go-playground/lars v4.0.1+incompatible h1:d0q8YUzAggHd1iiWgIJKLpHMa2VLEc5a/oCIJLxjHgY=
github.com/go-playground/lars v4.0.1+incompatible/go.mod h1:N3/k870eeSGPNoqbBzTb/PUpQ3uI5ag39Gt8TquOoEo=
github.com/go-playground/pure v4.1.1+incompatible h1:PqiTIRTuDUVMAQBarK9VdI93Iy7P9+iHXtAa6UaPvEU=
github.com/go-playground/pure v4.1.1+incompatible/go.mod h1:k2eRJXw80qTBI0vn3rVf3CcZRLtdbPb0FPV7sDZGk5o=
github.com/go-siris/middleware-logger v0.0.0-20170729133956-d796ac804e7e/go.mod h1:ReNlMgHWpYGg1sulhBNxzh+idx1mZzxiPHPgiWUhWY0=
github.com/go-siris/middleware-recover v0.0.0-20170729134034-2867fcea40e2/go.mod h1:ziLjZPdu9EQv1nX+6Gh30l+e4erbfDuIMJkDaESaBzo=
github.com/go-siris/siris v7.4.0+incompatible/go.mod h1:bw/JZxpCF3U5eUlNOjsAzCFbIzRRly9Aa+jvvlO4UKI=
github.com/go-zoo/bone v0.0.0-20180910124228-2270ec2a18cc h1:7ZEi2mca51QmC10uLpOc+A1gosPj4PFbk5GqOzqKYag=
github.com/go-zoo/bone v0.0.0-20180910124228-2270ec2a18cc/go.mod h1:oqsroXM1ZcoSPNsxaSy2JNMJMSC/A463LSB0Vnoa2SI=
github.com/go101/tinyrouter v0.0.0-20180911122507-1d3959cd86eb h1:Z+KBBR4pRvUM0iTB/Hvutx5wX2M74ZE7q2EzKx3A/Tw=
github.com/go101/tinyrouter v0.0.0-20180911122507-1d3959cd86eb/go.mod h1:zk7f057hpVNCkZqkm3v2RGN0bQGAOIj/SdoIZkf5/0s=
github.com/gocarina/gocsv/v2 v2.0.0-20181019111052-71f99b1720d2 h1:LQxkZQfspEn5ou0fel1VIusa1AJKPrxcDYkhA2rfE10=
github.com/gocarina/gocsv/v2 v2.0.0-20181019111052-71f99b1720d2/go.mod h1:g7SrNGzi3lNWhpogl2lrJ6qaoQDLAwPRiWedc4B0Grs=
github.com/gocraft/web v0.0.0-20170925135945-d8611de039df h1:3gd2HoQ1d5bN0/U4aTmrB4hRKUnycYeYYBsNGY/A9fU=
github.com/gocraft/web v0.0.0-20170925135945-d8611de039df/go.mod h1:Ag7UMbZNGrnHwaXPJOUKJIVgx4QOWMOWZngrvsN6qak=
github.com/golang/gddo v0.0.0-20181009135830-6c035858b4d7/go.mod h1:xEhNfoBDX1hzLm2Nf80qUvZ2sVwoMZ8d6IE2SrsQfh4=
github.com/golang/mock v1.1.1/go.mod h1:oTYuIxOrZwtPieC+H1uAHpcLFnEyAGVDL/k47Jfbm0A=
github.com/golang/protobuf v1.2.0 h1:P3YflyNX/ehuJFLhxviNdFxQPkGK5cDcApsge1SqnvM=
github.com/golang/protobuf v1.2.0/go.mod h1:6lQm79b+lXiMfvg/cZm0SGofjICqVBUtrP5yJMmIC1U=
github.com/google/go-cmp v0.2.0/go.mod h1:oXzfMopK8JAjlY9xF4vHSVASa0yLyX7SntLO5aqRK0M=
github.com/google/go-querystring v1.0.0/go.mod h1:odCYkC5MyYFN7vkCjXpyrEuKhc/BUO6wN/zVPAxq5ck=
github.com/google/uuid v1.0.0 h1:b4Gk+7WdP/d3HZH8EJsZpvV7EtDOgaZLtnaNGIu1adA=
github.com/google/uuid v1.0.0/go.mod h1:TIyPZe4MgqvfeYDBFedMoGGpEw/LqOeaOT+nhxU+yHo=
github.com/gopherjs/gopherjs v0.0.0-20181004151105-1babbf986f6f/go.mod h1:wJfORRmW1u3UXTncJ5qlYoELFm8eSnnEO6hX4iZ3EWY=
github.com/gorilla/context v1.1.1/go.mod h1:kBGZzfjB9CEq2AlWe17Uuf7NDRt0dE0s8S51q0aT7Yg=
github.com/gorilla/mux v1.6.2 h1:Pgr17XVTNXAk3q/r4CpKzC5xBM/qW1uVLV+IhRZpIIk=
github.com/gorilla/mux v1.6.2/go.mod h1:1lud6UwP+6orDFRuTfBEV8e9/aOM/c4fVVCaMa2zaAs=
github.com/gorilla/securecookie v1.1.1/go.mod h1:ra0sb63/xPlUeL+yeDciTfxMRAA+MP+HVt/4epWDjd4=
github.com/gorilla/sessions v1.1.3/go.mod h1:8KCfur6+4Mqcc6S0FEfKuN15Vl5MgXW92AE8ovaJD0w=
github.com/gorilla/websocket v1.4.0 h1:WDFjx/TMzVgy9VdMMQi2K2Emtwi2QcUQsztZ/zLaH/Q=
github.com/gorilla/websocket v1.4.0/go.mod h1:E7qHFY5m1UJ88s3WnNqhKjPHQ0heANvMoAMk2YaljkQ=
github.com/gowww/router v0.0.0-20180327195201-5f9c626ef619 h1:nS1DFy3mh1wK3zm1xGtvMnWje5zA9zVJTLuPKBovHVw=
github.com/gowww/router v0.0.0-20180327195201-5f9c626ef619/go.mod h1:avUfKJbpfLNee1EI8ur7ckKAuIuT7hHNZhGrBsRKnNY=
github.com/gramework/gramework v1.6.1 h1:wF7jr9iZNLQ4cY14K8f/QJHEZDayxsuCMiYlW955dtQ=
github.com/gramework/gramework v1.6.1/go.mod h1:We8TNhB0mUxaVAJRlhImbpitWNrrIddogPXjS9xlia8=
github.com/gramework/runtimer v0.0.0-20171029174549-045ac3154a31 h1:ph474iyIY7FlcYg3PeMXtvWiwVhZEfo3Z9/LtTy+Pfo=
github.com/gramework/runtimer v0.0.0-20171029174549-045ac3154a31/go.mod h1:wJlXrZVkOeGRLwODHvQcpRKopvHHsPovXNB9AB1rqwQ=
github.com/gramework/utils v0.0.0-20180427183540-d82c91416f14 h1:KBCnx7osefkcnowspN4ChqmMedSUTB9C4r3rhwrVOUk=
github.com/gramework/utils v0.0.0-20180427183540-d82c91416f14/go.mod h1:62TH8ocqQEUeIL3WbQeqYWNe/jlWnqU3ero9T1WPXsk=
github.com/graph-gophers/graphql-go v0.0.0-20180806175703-94da0f0031f9/go.mod h1:aRnZGurV3LlZ1Y+ygyx1mAV6OUfq+nu6OgpJ6jKgZ3g=
github.com/gravitational/trace v0.0.0-20180717152918-4a5e142f3251 h1:wvLRc9hG1+3qE4rVa/qAkcgxcdznlyo9DyAahNo9AUs=
github.com/gravitational/trace v0.0.0-20180717152918-4a5e142f3251/go.mod h1:RvdOUHE4SHqR3oXlFFKnGzms8a5dugHygGw1bqDstYI=
github.com/hashicorp/golang-lru v0.5.0/go.mod h1:/m3WP610KZHVQ1SGc6re/UDhFvYD7pJ4Ao+sR/qLZy8=
github.com/hpcloud/tail v1.0.0/go.mod h1:ab1qPbhIpdTxEkNHXyeSf5vhxWSCs/tWer42PpOxQnU=
github.com/imkira/go-interpol v1.1.0/go.mod h1:z0h2/2T3XF8kyEPpRgJ3kmNv+C43p+I/CoI+jC3w2iA=
github.com/ivpusic/go-clicolor v0.0.0-20150828210804-23f0b77f328a h1:C719vWPNIn8w0UnivhhvfIge00brg2r5BsCBmZmSWGo=
github.com/ivpusic/go-clicolor v0.0.0-20150828210804-23f0b77f328a/go.mod h1:0SFPvHdCWDlfm+uc7SYrZ30bF1sH1O1iEzBkvscKVqg=
github.com/ivpusic/golog v0.0.0-20170608213328-28640bee649f h1:FaZoTHC/do/ABnS4SLlgmILuimaaiSDcqBdGc13xJFA=
github.com/ivpusic/golog v0.0.0-20170608213328-28640bee649f/go.mod h1:EjZtQ4YORF5NXI9IZ+zcbIye4yhMFEwZjn1B0GeH88Q=
github.com/ivpusic/httpcheck v0.0.0-20170215120547-c49b174389ac/go.mod h1:yk4rlbFd4qwD0pTjrlrJwS22v7XT4WrBNUv+fzqkpu4=
github.com/ivpusic/neo v0.3.0 h1:2LX946Y1cU18m36Q1hR095/WRg+aulU9uRnPsJY1AiE=
github.com/ivpusic/neo v0.3.0/go.mod h1:CvLaw8LaN8AG2+XcN+6J4ddokMfuNtfewhrz3Hhpfyw=
github.com/ivpusic/urlregex v0.0.0-20160128000749-4dd86e784405 h1:rdxEi0NO7SSnqYaOQmNzAIOSloljKLb5ispwRhbDj5s=
github.com/ivpusic/urlregex v0.0.0-20160128000749-4dd86e784405/go.mod h1:TxQx9CapobgN5JPtr1KWD1jLb2y5ZUKm7rbb7GL9sO0=
github.com/jonboulle/clockwork v0.1.0 h1:VKV+ZcuP6l3yW9doeqz6ziZGgcynBVQO+obU0+0hcPo=
github.com/jonboulle/clockwork v0.1.0/go.mod h1:Ii8DK3G1RaLaWxj9trq07+26W01tbo22gdxWY5EU2bo=
github.com/json-iterator/go v1.1.5 h1:gL2yXlmiIo4+t+y32d4WGwOjKGYcGOuyrg46vadswDE=
github.com/json-iterator/go v1.1.5/go.mod h1:+SdeFBvtyEkXs7REEP0seUULqWtbJapLOCVDaaPEHmU=
github.com/jtolds/gls v4.2.1+incompatible/go.mod h1:QJZ7F/aHp+rZTRtaJ1ow/lLfFfVYBRgL+9YlvaHOwJU=
github.com/juju/errors v0.0.0-20181012004132-a4583d0a56ea/go.mod h1:W54LbzXuIE0boCoNJfwqpmkKJ1O4TCTZMetAt6jGk7Q=
github.com/juju/loggo v0.0.0-20180524022052-584905176618/go.mod h1:vgyd7OREkbtVEN/8IXZe5Ooef3LQePvuBm9UWj6ZL8U=
github.com/juju/testing v0.0.0-20180920084828-472a3e8b2073/go.mod h1:63prj8cnj0tU0S9OHjGJn+b1h0ZghCndfnbQolrYTwA=
github.com/julienschmidt/httprouter v1.2.0 h1:TDTW5Yz1mjftljbcKqRcrYhd4XeOoI98t+9HbQbYf7g=
github.com/julienschmidt/httprouter v1.2.0/go.mod h1:SYymIcj16QtmaHHD7aYtjjsJG7VTCxuUUipMqKk8s4w=
github.com/k0kubun/colorstring v0.0.0-20150214042306-9440f1994b88/go.mod h1:3w7q1U84EfirKl04SVQ/s7nPm1ZPhiXd34z40TNz36k=
github.com/kirillDanshin/go-accept-headers v0.0.0-20130320203746-c78f304b1b09 h1:8QCKmCB7k/3XCUaisDYqSpZ/KrEsh8h3gRpeBCwOg3Q=
github.com/kirillDanshin/go-accept-headers v0.0.0-20130320203746-c78f304b1b09/go.mod h1:bzzcb9Lqedgb3IPjVjtnwhBK6v5gTLrKYimXqT4a+vw=
github.com/klauspost/compress v1.4.0 h1:8nsMz3tWa9SWWPL60G1V6CUsf4lLjWLTNEtibhe8gh8=
github.com/klauspost/compress v1.4.0/go.mod h1:RyIbtBH6LamlWaDj8nUwkbUhJ87Yi3uG0guNDohfE1A=
github.com/klauspost/cpuid v0.0.0-20180405133222-e7e905edc00e h1:+lIPJOWl+jSiJOc70QXJ07+2eg2Jy2EC7Mi11BWujeM=
github.com/klauspost/cpuid v0.0.0-20180405133222-e7e905edc00e/go.mod h1:Pj4uuM528wm8OyEC2QMXAi2YiTZ96dNQPGgoMS4s3ek=
github.com/konsorten/go-windows-terminal-sequences v0.0.0-20180402223658-b729f2633dfe/go.mod h1:T0+1ngSBFLxvqU3pZ+m/2kptfBszLMUkC4ZK/EgS/cQ=
github.com/kr/pretty v0.1.0/go.mod h1:dAy3ld7l9f0ibDNOQOHHMYYIIbhfbHSm3C4ZsoJORNo=
github.com/kr/pty v1.1.1/go.mod h1:pFQYn66WHrOpPYNljwOMqo10TkYh1fy3cYio2l3bCsQ=
github.com/kr/text v0.1.0/go.mod h1:4Jbv+DJW3UT/LiOwJeYQe1efqtUx/iVham/4vfdArNI=
github.com/labstack/echo v3.2.1+incompatible h1:J2M7YArHx4gi8p/3fDw8tX19SXhBCoRpviyAZSN3I88=
github.com/labstack/echo v3.2.1+incompatible/go.mod h1:0INS7j/VjnFxD4E2wkz67b8cVwCLbBmJyDaka6Cmk1s=
github.com/labstack/gommon v0.2.7 h1:2qOPq/twXDrQ6ooBGrn3mrmVOC+biLlatwgIu8lbzRM=
github.com/labstack/gommon v0.2.7/go.mod h1:/tj9csK2iPSBvn+3NLM9e52usepMtrd5ilFYA+wQNJ4=
github.com/lucas-clemente/aes12 v0.0.0-20171027163421-cd47fb39b79f/go.mod h1:JpH9J1c9oX6otFSgdUHwUBUizmKlrMjxWnIAjff4m04=
github.com/lucas-clemente/quic-go v0.10.0/go.mod h1:wuD+2XqEx8G9jtwx5ou2BEYBsE+whgQmlj0Vz/77PrY=
github.com/lucas-clemente/quic-go-certificates v0.0.0-20160823095156-d2f86524cced/go.mod h1:NCcRLrOTZbzhZvixZLlERbJtDtYsmMw8Jc4vS8Z0g58=
github.com/lunny/log v0.0.0-20160921050905-7887c61bf0de h1:nyxwRdWHAVxpFcDThedEgQ07DbcRc5xgNObtbTp76fk=
github.com/lunny/log v0.0.0-20160921050905-7887c61bf0de/go.mod h1:3q8WtuPQsoRbatJuy3nvq/hRSvuBJrHHr+ybPPiNvHQ=
github.com/lunny/tango v0.5.0 h1:ThYFWPh6tVFjf6s6jKcTe86DadgWRjF4PoDeaSA4zhY=
github.com/lunny/tango v0.5.0/go.mod h1:UYYNJtWM9e9sa0/tuwCZrgmWQu6H5S9/dF2VvgVLchA=
github.com/mailgun/route v0.0.0-20180822164802-81ef6c58993f h1:oEPHpjCKEk+EVxO6tb6ZtI45+s6vR2bfU0TFSkDzcRs=
github.com/mailgun/route v0.0.0-20180822164802-81ef6c58993f/go.mod h1:iitUOLTydv/b+q12z6vQ163uUDAZmUa5O2i/fOo7P7M=
github.com/mattn/go-colorable v0.0.9 h1:UVL0vNpWh04HeJXV0KLcaT7r06gOH2l4OW6ddYRUIY4=
github.com/mattn/go-colorable v0.0.9/go.mod h1:9vuHe8Xs5qXnSaW/c/ABM9alt+Vo+STaOChaDxuIBZU=
github.com/mattn/go-isatty v0.0.4 h1:bnP0vzxcAdeI1zdubAl5PjU6zsERjGZb7raWodagDYs=
github.com/mattn/go-isatty v0.0.4/go.mod h1:M+lRXTBqGeGNdLjl/ufCoiOlB5xdOkqRJdNxMWT7Zi4=
github.com/mattn/go-sqlite3 v1.9.0/go.mod h1:FPy6KqzDD04eiIsT53CuJW3U88zkxoIYsOqkbpncsNc=
github.com/matttproud/golang_protobuf_extensions v1.0.1/go.mod h1:D8He9yQNgCq6Z5Ld7szi9bcBfOoFv/3dc6xSMkL2PC0=
github.com/microcosm-cc/bluemonday v1.0.1/go.mod h1:hsXNsILzKxV+sX77C5b8FSuKF00vh2OMYv+xgHpAMF4=
github.com/mikespook/possum v0.0.0-20170224044927-56d7ebb6470b h1:UpTyMObxdqOJ+QjsW+FBt/grs0MceNRDFVbPH9vx9kI=
github.com/mikespook/possum v0.0.0-20170224044927-56d7ebb6470b/go.mod h1:hNxCw7x0yDbIykxTaAba/7mQm8tgQq5m8i6nxV45ng4=
github.com/modern-go/concurrent v0.0.0-20180306012644-bacd9c7ef1dd h1:TRLaZ9cD/w8PVh93nsPXa1VrQ6jlwL5oN8l14QlcNfg=
github.com/modern-go/concurrent v0.0.0-20180306012644-bacd9c7ef1dd/go.mod h1:6dJC0mAP4ikYIbvyc7fijjWJddQyLn8Ig3JB5CqoB9Q=
github.com/modern-go/reflect2 v1.0.1 h1:9f412s+6RmYXLWZSEzVVgPGK7C2PphHj5RJrvfx9AWI=
github.com/modern-go/reflect2 v1.0.1/go.mod h1:bx2lNnkwVCuqBIxFjflWJWanXIb3RllmbCylyMrvgv0=
github.com/monoculum/formam v0.0.0-20180901015400-4e68be1d79ba/go.mod h1:RKgILGEJq24YyJ2ban8EO0RUVSJlF1pGsEvoLEACr/Q=
github.com/moul/http2curl v0.0.0-20170919181001-9ac6cf4d929b/go.mod h1:8UbvGypXm98wA/IqH45anm5Y2Z6ep6O31QGOAZ3H0fQ=
github.com/mustafaakin/gongular v0.0.0-20171116074631-b899c3c6e795 h1:pS48SzVfhX1UF7MFxswQvbIb6W47wCtu8HJ+gPnZfIU=
github.com/mustafaakin/gongular v0.0.0-20171116074631-b899c3c6e795/go.mod h1:wYMYUlSZn9/mW+6Ey0tLWJH1FbOy0dq+bSmzK2bKFNk=
github.com/naoina/denco v0.0.0-20180930074809-8475105a6b4c h1:OuYPoLEOYbguEn/ihiCTfWM0cjzY5R77CA2vzmx2M8Y=
github.com/naoina/denco v0.0.0-20180930074809-8475105a6b4c/go.mod h1:rJwHqj5scxcViM0kq4dh/d1E9sLBeI1snvkNVX4mQGY=
github.com/nbari/violetear v0.0.0-20180912134303-b8e1276ca190 h1:Rk9swldDkOMxgl9yvHfSSQKH2/RqcZWE8iLQnarVxkQ=
github.com/nbari/violetear v0.0.0-20180912134303-b8e1276ca190/go.mod h1:UrL3qDiO/LwC9HbVuujfjLbqyvP4DzuMLvUk4PfwZx8=
github.com/onsi/ginkgo v1.6.0/go.mod h1:lLunBs/Ym6LB5Z9jYTR76FiuTmxDTDusOGeTQH+WWjE=
github.com/onsi/gomega v1.4.2/go.mod h1:ex+gbHU/CVuBBDIJjb2X0qEXbFg53c61hWP/1CpauHY=
github.com/opentracing/opentracing-go v1.0.2/go.mod h1:UkNAQd3GIcIGf0SeVgPpRdFStlNbqXla1AfSYxPUl2o=
github.com/oxtoacart/bpool v0.0.0-20150712133111-4e1c5567d7c2/go.mod h1:L3UMQOThbttwfYRNFOWLLVXMhk5Lkio4GGOtw5UrxS0=
github.com/pasztorpisti/qs v0.0.0-20171216220353-8d6c33ee906c/go.mod h1:1iCZ0433JJMecYqCa+TdWA9Pax8MGl4ByuNDZ7eSnQY=
github.com/philhofer/fwd v1.0.0/go.mod h1:gk3iGcWd9+svBvR0sR+KPcfE+RNWozjowpeBVG3ZVNU=
github.com/pilu/config v0.0.0-20131214182432-3eb99e6c0b9a h1:Tg4E4cXPZSZyd3H1tJlYo6ZreXV0ZJvE/lorNqyw1AU=
github.com/pilu/config v0.0.0-20131214182432-3eb99e6c0b9a/go.mod h1:9Or9aIl95Kp43zONcHd5tLZGKXb9iLx0pZjau0uJ5zg=
github.com/pilu/miniassert v0.0.0-20140522125902-bee63581261a/go.mod h1:QKd9TvGj31l6g+MV2PqthhK68d5ZPv/Q2PvtsS0mM3I=
github.com/pilu/traffic v0.5.3 h1:gzDC+/uF1JQNnpcjUhVnw3z9xTBKx9y9FLtdLkHrIbQ=
github.com/pilu/traffic v0.5.3/go.mod h1:pPbakW2fofyQaXrh319Xb9TJpM8gjs/vp+71CztjeK0=
github.com/pkg/errors v0.8.0 h1:WdK/asTD0HN+q6hsWO3/vpuAkAr+tw6aNJNDFFf0+qw=
github.com/pkg/errors v0.8.0/go.mod h1:bwawxfHBFNV+L2hUp1rHADufV3IMtnDRdf1r5NINEl0=
github.com/plimble/ace v0.0.0-20180623113504-ba79f505f416/go.mod h1:2xqEu03zJ11kRazFk9k72JtfU2Nb6Gb2GZQEzyq4ZzI=
github.com/plimble/sessions v0.0.0-20180326075456-7047d39da9ad/go.mod h1:SOvlms0FUIL/aE3RsFFtPnkOwGa0yWKSlZdbuHq4lf4=
github.com/plimble/utils v0.0.0-20150615054616-fe08d46675cd/go.mod h1:hdBKa62O0OK5mae6xnibGMZRr86u5TM6thzlgxtbEG8=
github.com/pmezard/go-difflib v1.0.0/go.mod h1:iKH77koFhYxTK1pcRnkKkqfTogsbg7gZNVY4sRDYZ/4=
github.com/pressly/chi v3.3.3+incompatible h1:fc66b0mPg4Dx5Pr86WSsXv0x37dSX6pH0p38GZsvCtU=
github.com/pressly/chi v3.3.3+incompatible/go.mod h1:s/kslmeFE633XtTPvfX2olbs4ymzIHxGGXmEJ/AvPT8=
github.com/prometheus/client_golang v0.8.0/go.mod h1:7SWBe2y4D6OKWSNQJUaRYU/AaXPKyh/dDVn+NZz0KFw=
github.com/prometheus/client_model v0.0.0-20180712105110-5c3871d89910/go.mod h1:MbSGuTsp3dbXC40dX6PRTWyKYBIrTGTE9sqQNg2J8bo=
github.com/prometheus/common v0.0.0-20180801064454-c7de2306084e/go.mod h1:daVV7qP5qjZbuso7PdcryaAu0sAZbrN9i7WWcTMWvro=
github.com/prometheus/procfs v0.0.0-20180725123919-05ee40e3a273/go.mod h1:c3At6R/oaqEKCNdg8wHV1ftS6bRYblBhIjjI8uT2IGk=
github.com/qiangxue/fasthttp-routing v0.0.0-20160225050629-6ccdc2a18d87 h1:u7uCM+HS2caoEKSPtSFQvvUDXQtqZdu3MYtF+QEw7vA=
github.com/qiangxue/fasthttp-routing v0.0.0-20160225050629-6ccdc2a18d87/go.mod h1:zwr0xP4ZJxwCS/g2d+AUOUwfq/j2NC7a1rK3F0ZbVYM=
github.com/razonyang/fastrouter v0.1.0 h1:B0h4Pk5Y+Y2dvXY/8DjLDq5b14leD8rq/3163Ffa2fk=
github.com/razonyang/fastrouter v0.1.0/go.mod h1:nmU3NtO/wrzBeKeurR0cPTQgjLD8ADTPu/648ztduiQ=
github.com/rcrowley/go-metrics v0.0.0-20180503174638-e2704e165165 h1:nkcn14uNmFEuGCb2mBZbBb24RdNRL08b/wb+xBOYpuk=
github.com/rcrowley/go-metrics v0.0.0-20180503174638-e2704e165165/go.mod h1:bCqnVzQkZxMG4s8nGwiZ5l3QUCyqpo9Y+/ZMZ9VjZe4=
github.com/rcrowley/go-tigertonic v0.0.0-20170420123839-fe6b9f080eb7 h1:IF6au04LnXfITvXy4gwKKcka4zKYp73RXCEGUACqC/Y=
github.com/rcrowley/go-tigertonic v0.0.0-20170420123839-fe6b9f080eb7/go.mod h1:iFmRpXEuybfivhzfxebaHxO63V+ye2AFJMBk12tZPck=
github.com/russross/blackfriday v2.0.0+incompatible/go.mod h1:JO/DiYxRf+HjHt06OyowR9PTA263kcR/rfWxYHBV53g=
github.com/satori/go.uuid v1.2.0/go.mod h1:dA0hQrYB0VpLJoorglMZABFdXlWrHn1NEOzdhQKdks0=
github.com/savsgio/atreugo v0.0.0-20181107114028-4d3a4e41b608 h1:JAXlYjBpk6plV8deE7q93KAMhdtMpUGFbRYi/DyaIz4=
github.com/savsgio/atreugo v0.0.0-20181107114028-4d3a4e41b608/go.mod h1:uHWJPOWWrlTD9Elu20f1j1Sv67WDjHQW6dBdh/wl/oE=
github.com/savsgio/go-logger v0.0.0-20181102112400-e6a7c74978c0 h1:BnYHq7EjtqUp3Z0utOF526x/b+FZErMzgH9FIB0BbGk=
github.com/savsgio/go-logger v0.0.0-20181102112400-e6a7c74978c0/go.mod h1:/ZzTTmB3JJqjZQcLlxTGbwy3fIsLUoYyldsSEL5rU2g=
github.com/savsgio/gotils v0.0.0-20181102112957-636156ff2e0e h1:OaPrIuz2RcPhWlSWeV8mYrUzU3SNTIZAzkjhGfCU7bw=
github.com/savsgio/gotils v0.0.0-20181102112957-636156ff2e0e/go.mod h1:w803/Fg1m0hrp1ZT9KNfQe4E4+WOMMFLcgzPvOcye10=
github.com/sergi/go-diff v1.0.0/go.mod h1:0CfEIISq7TuYL3j771MWULgwwjU+GofnZX9QAmXWZgo=
github.com/shiena/ansicolor v0.0.0-20151119151921-a422bbe96644 h1:X+yvsM2yrEktyI+b2qND5gpH8YhURn0k8OCaeRnkINo=
github.com/shiena/ansicolor v0.0.0-20151119151921-a422bbe96644/go.mod h1:nkxAfR/5quYxwPZhyDxgasBMnRtBZd0FCEpawpjMUFg=
github.com/shurcooL/sanitized_anchor_name v0.0.0-20170918181015-86672fcb3f95/go.mod h1:1NzhyTcUVG4SuEtjjoZeVRXNmyL/1OwPU0+IJeTBvfc=
github.com/sirupsen/logrus v1.1.1 h1:VzGj7lhU7KEB9e9gMpAV/v5XT2NVSvLJhJLCWbnkgXg=
github.com/sirupsen/logrus v1.1.1/go.mod h1:zrgwTnHtNr00buQ1vSptGe8m1f/BbgsPukg8qsT7A+A=
github.com/smartystreets/assertions v0.0.0-20180927180507-b2de0cb4f26d/go.mod h1:OnSkiWE9lh6wB0YB77sQom3nweQdgAjqCqsofrRNTgc=
github.com/smartystreets/goconvey v0.0.0-20180222194500-ef6db91d284a/go.mod h1:XDJAKZRPZ1CvBcN2aX5YOUTYGHki24fSF0Iv48Ibg0s=
github.com/stretchr/testify v1.2.2/go.mod h1:a8OnRcib4nhh0OaRAV+Yts87kKdq0PP7pXfy6kDkUVs=
github.com/teambition/gear v1.12.2 h1:Qrcgd5xKoILs674HfHojkVfwNUb4S1FyBPCBjQg6lA0=
github.com/teambition/gear v1.12.2/go.mod h1:VPFnRhfwYQiRDTzxEtzwfzAVDIcsbkX6i/AGOcRedy4=
github.com/teambition/trie-mux v1.4.2 h1:HgbwXfQDsingRLzyYdxEyut3i2Z9To/GOlVZD2gKRiM=
github.com/teambition/trie-mux v1.4.2/go.mod h1:ZWBopELDBGsgw9l8lFD4WCkpZTmmEKhu/8w3FbsxBgo=
github.com/theckman/httpforwarded v0.4.0/go.mod h1:GVkFynv6FJreNbgH/bpOU9ITDZ7a5WuzdNCtIMI1pVI=
github.com/tinylib/msgp v1.0.2/go.mod h1:+d+yLhGm8mzTaHzB+wgMYrodPfmZrzkirds8fDWklFE=
github.com/tockins/fresh v0.0.0-20181012144221-d8b891ad12e4 h1:EUMMwB4GqnuigSUtlTR2MfG2bgzDHK53ybMZaM4Pftk=
github.com/tockins/fresh v0.0.0-20181012144221-d8b891ad12e4/go.mod h1:mbv5i3IQY+eqbSLRiuakLuXbJBkVFNV5qh+CGeZtWZM=
github.com/ugorji/go/codec v0.0.0-20181012064053-8333dd449516 h1:tYsnVMTj4SrtarTPEquseLh3QgR7mEY3WSPW7x2c9hk=
github.com/ugorji/go/codec v0.0.0-20181012064053-8333dd449516/go.mod h1:VFNgLljTbGfSG7qAOspJ7OScBnGdDN/yBr0sguwnwf0=
github.com/urfave/negroni v1.0.0 h1:kIimOitoypq34K7TG7DUaJ9kq/N4Ofuwi1sjz0KipXc=
github.com/urfave/negroni v1.0.0/go.mod h1:Meg73S6kFm/4PpbYdq35yYWoCZ9mS/YSx+lKnmiohz4=
github.com/valyala/bytebufferpool v0.0.0-20160817181652-e746df99fe4a/go.mod h1:6bBcMArwyJ5K/AmCkWv1jt77kVWyCJ6HpOuEn7z0Csc=
github.com/valyala/bytebufferpool v1.0.0 h1:GqA5TC/0021Y/b9FG4Oi9Mr3q7XYx6KllzawFIhcdPw=
github.com/valyala/bytebufferpool v1.0.0/go.mod h1:6bBcMArwyJ5K/AmCkWv1jt77kVWyCJ6HpOuEn7z0Csc=
github.com/valyala/fasthttp v0.0.0-20180831062205-5f6439b6df1c/go.mod h1:+g/po7GqyG5E+1CNgquiIxJnsXEi5vwFn5weFujbO78=
github.com/valyala/fasthttp v1.0.0 h1:BwIoZQbBsTo3v2F5lz5Oy3TlTq4wLKTLV260EVTEWco=
github.com/valyala/fasthttp v1.0.0/go.mod h1:4vX61m6KN+xDduDNwXrhIAVZaZaZiQ1luJk8LWSxF3s=
github.com/valyala/fasttemplate v0.0.0-20170224212429-dcecefd839c4 h1:gKMu1Bf6QINDnvyZuTaACm9ofY+PRh+5vFz4oxBZeF8=
github.com/valyala/fasttemplate v0.0.0-20170224212429-dcecefd839c4/go.mod h1:50wTf68f99/Zt14pr046Tgt3Lp2vLyFZKzbFXTOabXw=
github.com/valyala/tcplisten v0.0.0-20161114210144-ceec8f93295a h1:0R4NLDRDZX6JcmhJgXi5E4b8Wg84ihbmUKp/GvSPEzc=
github.com/valyala/tcplisten v0.0.0-20161114210144-ceec8f93295a/go.mod h1:v3UYOV9WzVtRmSR+PDvWpU/qWl4Wa5LApYYX4ZtKbio=
github.com/vanng822/r2router v0.0.0-20150523112421-1023140a4f30 h1:fCYIzI798sOjtO9fMZaqF0ldAoYEsMLt2EwX7HdXzu4=
github.com/vanng822/r2router v0.0.0-20150523112421-1023140a4f30/go.mod h1:1BVq8p2jVr55Ost2PkZWDrG86PiJ/0lxqcXoAcGxvWU=
github.com/vulcand/predicate v1.1.0 h1:Gq/uWopa4rx/tnZu2opOSBqHK63Yqlou/SzrbwdJiNg=
github.com/vulcand/predicate v1.1.0/go.mod h1:mlccC5IRBoc2cIFmCB8ZM62I3VDb6p2GXESMHa3CnZg=
github.com/xeipuuv/gojsonpointer v0.0.0-20180127040702-4e3ac2762d5f/go.mod h1:N2zxlSyiKSe5eX1tZViRH5QA0qijqEDrYZiPEAiq3wU=
github.com/xeipuuv/gojsonreference v0.0.0-20180127040603-bd5ef7bd5415/go.mod h1:GwrjFmJcFw6At/Gs6z4yjiIwzuJ1/+UwLxMQDVQXShQ=
github.com/xeipuuv/gojsonschema v0.0.0-20181006164115-f58b4a9e3d67/go.mod h1:5yf86TLmAcydyeJq5YvxkGPE2fm/u4myDekKRoLuqhs=
github.com/yalp/jsonpath v0.0.0-20180802001716-5cc68e5049a0/go.mod h1:/LWChgwKmvncFJFHJ7Gvn9wZArjbV5/FppcK2fKk/tI=
github.com/yudai/gojsondiff v1.0.0/go.mod h1:AY32+k2cwILAkW1fbgxQ5mUmMiZFgLIV+FBNExI05xg=
github.com/yudai/golcs v0.0.0-20170316035057-ecda9a501e82/go.mod h1:lgjkn3NuSvDfVJdfcVVdX+jpBxNmX4rDAzaS45IcYoM=
github.com/yudai/pp v2.0.1+incompatible/go.mod h1:PuxR/8QJ7cyCkFp/aUDS+JY727OFEZkTdatxwunjIkc=
go.uber.org/atomic v1.3.2/go.mod h1:gD2HeocX3+yG+ygLZcrzQJaqmWj9AIm7n08wl/qW/PE=
go.uber.org/multierr v1.1.0/go.mod h1:wR5kodmAFQ0UK8QlbwjlSNy0Z68gJhDJUG5sjR94q/0=
go.uber.org/zap v1.9.1/go.mod h1:vwi/ZaCAaUcBkycHslxD9B2zi4UTXhF60s6SWpuDF0Q=
goji.io v0.0.0-20161114012657-0d89ff54b2c1 h1:6XgLs4K5yrppuWNzUo/cnWcrLr4JhL0HuieExehv5C4=
goji.io v0.0.0-20161114012657-0d89ff54b2c1/go.mod h1:sbqFwrtqZACxLBTQcdgVjFh54yGVCvwq8+w49MVMMIk=
golang.org/x/crypto v0.0.0-20180830192347-182538f80094/go.mod h1:6SG95UA2DQfeDnfUPMdvaQW0Q7yPrPDi9nlGo2tz2b4=
golang.org/x/crypto v0.0.0-20180904163835-0709b304e793 h1:u+LnwYTOOW7Ukr/fppxEb1Nwz0AtPflrblfvUudpo+I=
golang.org/x/crypto v0.0.0-20180904163835-0709b304e793/go.mod h1:6SG95UA2DQfeDnfUPMdvaQW0Q7yPrPDi9nlGo2tz2b4=
golang.org/x/net v0.0.0-20180906233101-161cd47e91fd/go.mod h1:mL1N/T3taQHkDXs73rZJwtUhF3w3ftmwwsq0BUmARs4=
golang.org/x/net v0.0.0-20180911220305-26e67e76b6c3/go.mod h1:mL1N/T3taQHkDXs73rZJwtUhF3w3ftmwwsq0BUmARs4=
golang.org/x/net v0.0.0-20181023162649-9b4f9f5ad519 h1:x6rhz8Y9CjbgQkccRGmELH6K+LJj7tOoh3XWeC1yaQM=
golang.org/x/net v0.0.0-20181023162649-9b4f9f5ad519/go.mod h1:mL1N/T3taQHkDXs73rZJwtUhF3w3ftmwwsq0BUmARs4=
golang.org/x/sync v0.0.0-20180314180146-1d60e4601c6f/go.mod h1:RxMgew5VJxzue5/jJTE5uejpjVlOe/izrB70Jof72aM=
golang.org/x/sys v0.0.0-20180905080454-ebe1bf3edb33/go.mod h1:STP8DvDyc/dI5b8T5hshtkjS+E42TnysNCUPdjciGhY=
golang.org/x/sys v0.0.0-20180909124046-d0be0721c37e/go.mod h1:STP8DvDyc/dI5b8T5hshtkjS+E42TnysNCUPdjciGhY=
golang.org/x/sys v0.0.0-20181023152157-44b849a8bc13 h1:ICvJQ9FL9kAAfwGwpoAmcE1O51M0zE++iVRxQ3xyiGE=
golang.org/x/sys v0.0.0-20181023152157-44b849a8bc13/go.mod h1:STP8DvDyc/dI5b8T5hshtkjS+E42TnysNCUPdjciGhY=
golang.org/x/text v0.3.0/go.mod h1:NqM8EUOU14njkJ3fqMW+pc6Ldnwhi/IjpwHt7yyuwOQ=
gopkg.in/baa.v1 v1.2.31 h1:6Ud9vK6LA895+udcgmW1asmqWknMXJNT84l5v9Ym3/A=
gopkg.in/baa.v1 v1.2.31/go.mod h1:aumtvV4jl+vwW6KUQ0i+dGEfr6j4w0VfN8D48OrZ8eE=
gopkg.in/celrenheit/lion.v1 v1.0.0-20161101201550-7c6ce5d22d64 h1:Q07jkzClDIVhxRuKfVYNtYsxl8HdOkq2AopX2lztngY=
gopkg.in/celrenheit/lion.v1 v1.0.0-20161101201550-7c6ce5d22d64/go.mod h1:fxZnKRsIhG7QA87ALGLJUvnXZC+KQ8Xq1tjZb0QwWe0=
gopkg.in/check.v1 v0.0.0-20161208181325-20d25e280405/go.mod h1:Co6ibVJAznAaIkqp8huTwlJQCZ016jof/cbN4VW5Yz0=
gopkg.in/check.v1 v1.0.0-20180628173108-788fd7840127/go.mod h1:Co6ibVJAznAaIkqp8huTwlJQCZ016jof/cbN4VW5Yz0=
gopkg.in/fsnotify.v1 v1.4.7 h1:xOHLXZwVvI9hhs+cLKq5+I5onOuwQLhQwiu63xxlHs4=
gopkg.in/fsnotify.v1 v1.4.7/go.mod h1:Tz8NjZHkW78fSQdbUxIjBTcgA1z1m8ZHf0WmKUhAMys=
gopkg.in/gavv/httpexpect.v1 v1.0.0-20180803094507-bdde30871313/go.mod h1:WtiW9ZA1LdaWqtQRo1VbIL/v4XZ8NDta+O/kSpGgVek=
gopkg.in/go-playground/assert.v1 v1.2.1/go.mod h1:9RXL0bg/zibRAgZUYszZSwO/z8Y/a8bDuhia5mkpMnE=
gopkg.in/go-playground/validator.v8 v8.18.2 h1:lFB4DoMU6B626w8ny76MV7VX6W2VHct2GVOI3xgiMrQ=
gopkg.in/go-playground/validator.v8 v8.18.2/go.mod h1:RX2a/7Ha8BgOhfk7j780h4/u/RRjR0eouCJSH80/M2Y=
gopkg.in/go-siris/tcplisten.v1 v1.0.5/go.mod h1:wnLYJQqLvdaQhymb6sxXdJYk2hVLtt2lSzfzZME1ZSI=
gopkg.in/ini.v1 v1.39.0 h1:Jf2sFGT+sAd7i+4ftUN1Jz90uw8XNH8NXbbOY16taA8=
gopkg.in/ini.v1 v1.39.0/go.mod h1:pNLf8WUiyNEtQjuu5G5vTm06TEv9tsIgeAvK8hOrP4k=
gopkg.in/macaron.v1 v1.3.1 h1:IdmGJaqXWUdEeN7fmhHF3voSAMzSthjZmTV4SkdSW/s=
gopkg.in/macaron.v1 v1.3.1/go.mod h1:PrsiawTWAGZs6wFbT5hlr7SQ2Ns9h7cUVtcUu4lQOVo=
gopkg.in/mgo.v2 v2.0.0-20180705113604-9856a29383ce/go.mod h1:yeKp02qBN3iKW1OzL3MGk2IdtZzaj7SFntXj72NppTA=
gopkg.in/tomb.v1 v1.0.0-20141024135613-dd632973f1e7/go.mod h1:dt/ZhP58zS4L8KSrWDmTeBkI65Dw0HsyUHuEVlX15mw=
gopkg.in/yaml.v2 v2.2.1 h1:mUhvW9EsL+naU5Q3cakzfE91YhliOondGd6ZrsDBHQE=
gopkg.in/yaml.v2 v2.2.1/go.mod h1:hI93XBmqTisBFMUTm0b8Fm+jr3Dg1NNxqwp+5A1VGuI=
